
Microsoft Visual Studio Solution File, Format Version 12.00
# Visual Studio Version 16
VisualStudioVersion = 16.0.30611.23
MinimumVisualStudioVersion = 10.0.40219.1
Project("{FAE04EC0-301F-11D3-BF4B-00C04F79EFBC}") = "WinAppVolumenPrisma", "WinAppVolumenPrisma\WinAppVolumenPrisma.csproj", "{6EC82987-7072-4B79-B5B9-CAA95FC1E14D}"
EndProject
Global
	GlobalSection(SolutionConfigurationPlatforms) = preSolution
		Debug|Any CPU = Debug|Any CPU
		Release|Any CPU = Release|Any CPU
	EndGlobalSection
	GlobalSection(ProjectConfigurationPlatforms) = postSolution
		{6EC82987-7072-4B79-B5B9-CAA95FC1E14D}.Debug|Any CPU.ActiveCfg = Debug|Any CPU
		{6EC82987-7072-4B79-B5B9-CAA95FC1E14D}.Debug|Any CPU.Build.0 = Debug|Any CPU
		{6EC82987-7072-4B79-B5B9-CAA95FC1E14D}.Release|Any CPU.ActiveCfg = Release|Any CPU
		{6EC82987-7072-4B79-B5B9-CAA95FC1E14D}.Release|Any CPU.Build.0 = Release|Any CPU
	EndGlobalSection
	GlobalSection(SolutionProperties) = preSolution
		HideSolutionNode = FALSE
	EndGlobalSection
	GlobalSection(ExtensibilityGlobals) = postSolution
		SolutionGuid = {2BA0FC8F-423B-4A93-A210-723F1AB13453}
	EndGlobalSection
EndGlobal
